
Microsoft Visual Studio Solution File, Format Version 12.00
# Visual Studio Version 17
VisualStudioVersion = 17.0.32126.317
MinimumVisualStudioVersion = 10.0.40219.1
Project("{9A19103F-16F7-4668-BE54-9A1E7A4F7556}") = "SpotifySocialMedia", "SpotifySocialMedia\SpotifySocialMedia.csproj", "{5A3D71B7-EEAD-4845-9DDD-6CEB726BA871}"
EndProject
Project("{9A19103F-16F7-4668-BE54-9A1E7A4F7556}") = "SpotifySocialMedia.SpotifyAuthorizationDataDatabase", "SpotifySocialMedia.SpotifySettingsDatabase\SpotifySocialMedia.SpotifyAuthorizationDataDatabase.csproj", "{54F23235-8510-4A58-9805-AA3E2B076902}"
EndProject
Project("{FAE04EC0-301F-11D3-BF4B-00C04F79EFBC}") = "Database", "Database\Database.csproj", "{26AB2020-59A8-4BD4-949E-84C49E64DF99}"
EndProject
Global
	GlobalSection(SolutionConfigurationPlatforms) = preSolution
		Debug|Any CPU = Debug|Any CPU
		Release|Any CPU = Release|Any CPU
	EndGlobalSection
	GlobalSection(ProjectConfigurationPlatforms) = postSolution
		{5A3D71B7-EEAD-4845-9DDD-6CEB726BA871}.Debug|Any CPU.ActiveCfg = Debug|Any CPU
		{5A3D71B7-EEAD-4845-9DDD-6CEB726BA871}.Debug|Any CPU.Build.0 = Debug|Any CPU
		{5A3D71B7-EEAD-4845-9DDD-6CEB726BA871}.Release|Any CPU.ActiveCfg = Release|Any CPU
		{5A3D71B7-EEAD-4845-9DDD-6CEB726BA871}.Release|Any CPU.Build.0 = Release|Any CPU
		{54F23235-8510-4A58-9805-AA3E2B076902}.Debug|Any CPU.ActiveCfg = Debug|Any CPU
		{54F23235-8510-4A58-9805-AA3E2B076902}.Debug|Any CPU.Build.0 = Debug|Any CPU
		{54F23235-8510-4A58-9805-AA3E2B076902}.Release|Any CPU.ActiveCfg = Release|Any CPU
		{54F23235-8510-4A58-9805-AA3E2B076902}.Release|Any CPU.Build.0 = Release|Any CPU
		{26AB2020-59A8-4BD4-949E-84C49E64DF99}.Debug|Any CPU.ActiveCfg = Debug|Any CPU
		{26AB2020-59A8-4BD4-949E-84C49E64DF99}.Debug|Any CPU.Build.0 = Debug|Any CPU
		{26AB2020-59A8-4BD4-949E-84C49E64DF99}.Release|Any CPU.ActiveCfg = Release|Any CPU
		{26AB2020-59A8-4BD4-949E-84C49E64DF99}.Release|Any CPU.Build.0 = Release|Any CPU
	EndGlobalSection
	GlobalSection(SolutionProperties) = preSolution
		HideSolutionNode = FALSE
	EndGlobalSection
	GlobalSection(ExtensibilityGlobals) = postSolution
		SolutionGuid = {0106B245-E4DC-4C01-93A8-3639384B5E69}
	EndGlobalSection
EndGlobal
